
Microsoft Visual Studio Solution File, Format Version 12.00
# Visual Studio 2012
Project("{FAE04EC0-301F-11D3-BF4B-00C04F79EFBC}") = "UAParser.ConsoleApp", "UAParser.ConsoleApp\UAParser.ConsoleApp.csproj", "{280CF383-6A6E-487B-9D25-281C98F3A7C8}"
EndProject
Project("{FAE04EC0-301F-11D3-BF4B-00C04F79EFBC}") = "UAParser", "UAParser\UAParser.csproj", "{83C63BEA-1859-4DD5-AE08-9A0FEC269B17}"
EndProject
Project("{2150E333-8FDC-42A3-9474-1A3956D46DE8}") = "Items", "Items", "{AB82C54B-9D7F-4FD6-B3F3-05589F11E4C2}"
	ProjectSection(SolutionItems) = preProject
		build.bat = build.bat
		build.proj = build.proj
		PublicKey.snk = PublicKey.snk
	EndProjectSection
EndProject
Project("{FAE04EC0-301F-11D3-BF4B-00C04F79EFBC}") = "UAParser.Tests", "UAParser.Tests\UAParser.Tests.csproj", "{967089C7-1D9D-453E-AAA8-ED26BCECCE20}"
EndProject
Project("{2150E333-8FDC-42A3-9474-1A3956D46DE8}") = ".nuget", ".nuget", "{5C3BCDB7-71FF-46A2-8096-ECB821509915}"
	ProjectSection(SolutionItems) = preProject
		.nuget\NuGet.Config = .nuget\NuGet.Config
		.nuget\NuGet.exe = .nuget\NuGet.exe
		.nuget\NuGet.targets = .nuget\NuGet.targets
	EndProjectSection
EndProject
Global
	GlobalSection(SolutionConfigurationPlatforms) = preSolution
		Debug|Any CPU = Debug|Any CPU
		Release|Any CPU = Release|Any CPU
	EndGlobalSection
	GlobalSection(ProjectConfigurationPlatforms) = postSolution
		{83C63BEA-1859-4DD5-AE08-9A0FEC269B17}.Debug|Any CPU.ActiveCfg = Debug|Any CPU
		{83C63BEA-1859-4DD5-AE08-9A0FEC269B17}.Debug|Any CPU.Build.0 = Debug|Any CPU
		{83C63BEA-1859-4DD5-AE08-9A0FEC269B17}.Release|Any CPU.ActiveCfg = Release|Any CPU
		{83C63BEA-1859-4DD5-AE08-9A0FEC269B17}.Release|Any CPU.Build.0 = Release|Any CPU
		{280CF383-6A6E-487B-9D25-281C98F3A7C8}.Debug|Any CPU.ActiveCfg = Debug|Any CPU
		{280CF383-6A6E-487B-9D25-281C98F3A7C8}.Debug|Any CPU.Build.0 = Debug|Any CPU
		{280CF383-6A6E-487B-9D25-281C98F3A7C8}.Release|Any CPU.ActiveCfg = Release|Any CPU
		{280CF383-6A6E-487B-9D25-281C98F3A7C8}.Release|Any CPU.Build.0 = Release|Any CPU
		{967089C7-1D9D-453E-AAA8-ED26BCECCE20}.Debug|Any CPU.ActiveCfg = Debug|Any CPU
		{967089C7-1D9D-453E-AAA8-ED26BCECCE20}.Debug|Any CPU.Build.0 = Debug|Any CPU
		{967089C7-1D9D-453E-AAA8-ED26BCECCE20}.Release|Any CPU.ActiveCfg = Release|Any CPU
		{967089C7-1D9D-453E-AAA8-ED26BCECCE20}.Release|Any CPU.Build.0 = Release|Any CPU
	EndGlobalSection
	GlobalSection(SolutionProperties) = preSolution
		HideSolutionNode = FALSE
	EndGlobalSection
EndGlobal
